<?xml version="1.0" encoding="UTF-8"?>
<CodeBlocks_project_file>
	<FileVersion major="1" minor="6"/>
	<Project>
		<Option title="indicators"/>
		<Option makefile_is_custom="1"/>
		<Option compiler="gcc"/>
		<Option virtualFolders="CMake Files\;"/>
		<Build>
			<Target title="all">
				<Option working_dir="/home/osboxes/financial_analysis/indicators"/>
				<Option type="4"/>
				<MakeCommands>
					<Build command="/usr/bin/make -f &quot;/home/osboxes/financial_analysis/indicators/Makefile&quot;  VERBOSE=1 all"/>
					<CompileFile command="/usr/bin/make -f &quot;/home/osboxes/financial_analysis/indicators/Makefile&quot;  VERBOSE=1 &quot;$file&quot;"/>
					<Clean command="/usr/bin/make -f &quot;/home/osboxes/financial_analysis/indicators/Makefile&quot;  VERBOSE=1 clean"/>
					<DistClean command="/usr/bin/make -f &quot;/home/osboxes/financial_analysis/indicators/Makefile&quot;  VERBOSE=1 clean"/>
				</MakeCommands>
			</Target>
			<Target title="rebuild_cache">
				<Option working_dir="/home/osboxes/financial_analysis/indicators"/>
				<Option type="4"/>
				<MakeCommands>
					<Build command="/usr/bin/make -f &quot;/home/osboxes/financial_analysis/indicators/Makefile&quot;  VERBOSE=1 rebuild_cache"/>
					<CompileFile command="/usr/bin/make -f &quot;/home/osboxes/financial_analysis/indicators/Makefile&quot;  VERBOSE=1 &quot;$file&quot;"/>
					<Clean command="/usr/bin/make -f &quot;/home/osboxes/financial_analysis/indicators/Makefile&quot;  VERBOSE=1 clean"/>
					<DistClean command="/usr/bin/make -f &quot;/home/osboxes/financial_analysis/indicators/Makefile&quot;  VERBOSE=1 clean"/>
				</MakeCommands>
			</Target>
			<Target title="edit_cache">
				<Option working_dir="/home/osboxes/financial_analysis/indicators"/>
				<Option type="4"/>
				<MakeCommands>
					<Build command="/usr/bin/make -f &quot;/home/osboxes/financial_analysis/indicators/Makefile&quot;  VERBOSE=1 edit_cache"/>
					<CompileFile command="/usr/bin/make -f &quot;/home/osboxes/financial_analysis/indicators/Makefile&quot;  VERBOSE=1 &quot;$file&quot;"/>
					<Clean command="/usr/bin/make -f &quot;/home/osboxes/financial_analysis/indicators/Makefile&quot;  VERBOSE=1 clean"/>
					<DistClean command="/usr/bin/make -f &quot;/home/osboxes/financial_analysis/indicators/Makefile&quot;  VERBOSE=1 clean"/>
				</MakeCommands>
			</Target>
			<Target title="indicators">
				<Option output="/home/osboxes/financial_analysis/indicators/indicators" prefix_auto="0" extension_auto="0"/>
				<Option working_dir=""/>
				<Option object_output="./"/>
				<Option type="1"/>
				<Option compiler="gcc"/>
				<Compiler>
					<Add directory="/home/osboxes/financial_analysis/indicators/include"/>
					<Add directory="/usr/include/c++/6"/>
					<Add directory="/usr/include/x86_64-linux-gnu/c++/6"/>
					<Add directory="/usr/include/c++/6/backward"/>
					<Add directory="/usr/lib/gcc/x86_64-linux-gnu/6/include"/>
					<Add directory="/usr/local/include"/>
					<Add directory="/usr/lib/gcc/x86_64-linux-gnu/6/include-fixed"/>
					<Add directory="/usr/include/x86_64-linux-gnu"/>
					<Add directory="/usr/include"/>
				</Compiler>
				<MakeCommands>
					<Build command="/usr/bin/make -f &quot;/home/osboxes/financial_analysis/indicators/Makefile&quot;  VERBOSE=1 indicators"/>
					<CompileFile command="/usr/bin/make -f &quot;/home/osboxes/financial_analysis/indicators/Makefile&quot;  VERBOSE=1 &quot;$file&quot;"/>
					<Clean command="/usr/bin/make -f &quot;/home/osboxes/financial_analysis/indicators/Makefile&quot;  VERBOSE=1 clean"/>
					<DistClean command="/usr/bin/make -f &quot;/home/osboxes/financial_analysis/indicators/Makefile&quot;  VERBOSE=1 clean"/>
				</MakeCommands>
			</Target>
			<Target title="indicators/fast">
				<Option output="/home/osboxes/financial_analysis/indicators/indicators" prefix_auto="0" extension_auto="0"/>
				<Option working_dir=""/>
				<Option object_output="./"/>
				<Option type="1"/>
				<Option compiler="gcc"/>
				<Compiler>
					<Add directory="/home/osboxes/financial_analysis/indicators/include"/>
					<Add directory="/usr/include/c++/6"/>
					<Add directory="/usr/include/x86_64-linux-gnu/c++/6"/>
					<Add directory="/usr/include/c++/6/backward"/>
					<Add directory="/usr/lib/gcc/x86_64-linux-gnu/6/include"/>
					<Add directory="/usr/local/include"/>
					<Add directory="/usr/lib/gcc/x86_64-linux-gnu/6/include-fixed"/>
					<Add directory="/usr/include/x86_64-linux-gnu"/>
					<Add directory="/usr/include"/>
				</Compiler>
				<MakeCommands>
					<Build command="/usr/bin/make -f &quot;/home/osboxes/financial_analysis/indicators/Makefile&quot;  VERBOSE=1 indicators/fast"/>
					<CompileFile command="/usr/bin/make -f &quot;/home/osboxes/financial_analysis/indicators/Makefile&quot;  VERBOSE=1 &quot;$file&quot;"/>
					<Clean command="/usr/bin/make -f &quot;/home/osboxes/financial_analysis/indicators/Makefile&quot;  VERBOSE=1 clean"/>
					<DistClean command="/usr/bin/make -f &quot;/home/osboxes/financial_analysis/indicators/Makefile&quot;  VERBOSE=1 clean"/>
				</MakeCommands>
			</Target>
		</Build>
		<Unit filename="/home/osboxes/financial_analysis/indicators/main.cpp">
			<Option target="indicators"/>
		</Unit>
		<Unit filename="/home/osboxes/financial_analysis/indicators/src/CMakeFiles/CMakeDirectoryInformation.cmake">
			<Option target="indicators"/>
		</Unit>
		<Unit filename="/home/osboxes/financial_analysis/indicators/src/CMakeFiles/progress.marks">
			<Option target="indicators"/>
		</Unit>
		<Unit filename="/home/osboxes/financial_analysis/indicators/src/Makefile">
			<Option target="indicators"/>
		</Unit>
		<Unit filename="/home/osboxes/financial_analysis/indicators/src/Signal.cpp">
			<Option target="indicators"/>
		</Unit>
		<Unit filename="/home/osboxes/financial_analysis/indicators/src/cmake_install.cmake">
			<Option target="indicators"/>
		</Unit>
		<Unit filename="/home/osboxes/financial_analysis/indicators/CMakeLists.txt">
			<Option virtualFolder="CMake Files\"/>
		</Unit>
	</Project>
</CodeBlocks_project_file>
